
Microsoft Visual Studio Solution File, Format Version 12.00
# Visual Studio 14
VisualStudioVersion = 14.0.25420.1
MinimumVisualStudioVersion = 10.0.40219.1
Project("{2150E333-8FDC-42A3-9474-1A3956D46DE8}") = ".nuget", ".nuget", "{0112C1C5-6FED-4F22-AE53-803A565FF8B8}"
	ProjectSection(SolutionItems) = preProject
		.nuget\NuGet.Config = .nuget\NuGet.Config
		.nuget\NuGet.exe = .nuget\NuGet.exe
		.nuget\NuGet.targets = .nuget\NuGet.targets
	EndProjectSection
EndProject
Project("{FAE04EC0-301F-11D3-BF4B-00C04F79EFBC}") = "JosephGuadagno.Utilities", "Utilities\JosephGuadagno.Utilities.csproj", "{2409409C-8B6D-4716-AA3C-E1A35B93DB58}"
EndProject
Project("{2150E333-8FDC-42A3-9474-1A3956D46DE8}") = "Solution Items", "Solution Items", "{D4172C63-4208-46C4-B1BA-3CCF1F60DF9C}"
	ProjectSection(SolutionItems) = preProject
		..\readme.md = ..\readme.md
	EndProjectSection
EndProject
Project("{E09DD79A-4488-4AB9-8D3F-A7EEE78BF432}") = "JosephGuadagno.Utilities.NuGet", "NuGet\JosephGuadagno.Utilities.NuGet.nuproj", "{EBFA8BE3-E732-4F33-B9E4-CBC73D203B9B}"
EndProject
Global
	GlobalSection(SolutionConfigurationPlatforms) = preSolution
		Debug|Any CPU = Debug|Any CPU
		Release|Any CPU = Release|Any CPU
	EndGlobalSection
	GlobalSection(ProjectConfigurationPlatforms) = postSolution
		{2409409C-8B6D-4716-AA3C-E1A35B93DB58}.Debug|Any CPU.ActiveCfg = Debug|Any CPU
		{2409409C-8B6D-4716-AA3C-E1A35B93DB58}.Debug|Any CPU.Build.0 = Debug|Any CPU
		{2409409C-8B6D-4716-AA3C-E1A35B93DB58}.Release|Any CPU.ActiveCfg = Release|Any CPU
		{2409409C-8B6D-4716-AA3C-E1A35B93DB58}.Release|Any CPU.Build.0 = Release|Any CPU
		{EBFA8BE3-E732-4F33-B9E4-CBC73D203B9B}.Debug|Any CPU.ActiveCfg = Debug|Any CPU
		{EBFA8BE3-E732-4F33-B9E4-CBC73D203B9B}.Debug|Any CPU.Build.0 = Debug|Any CPU
		{EBFA8BE3-E732-4F33-B9E4-CBC73D203B9B}.Release|Any CPU.ActiveCfg = Release|Any CPU
		{EBFA8BE3-E732-4F33-B9E4-CBC73D203B9B}.Release|Any CPU.Build.0 = Release|Any CPU
	EndGlobalSection
	GlobalSection(SolutionProperties) = preSolution
		HideSolutionNode = FALSE
	EndGlobalSection
EndGlobal
